
Microsoft Visual Studio Solution File, Format Version 12.00
# Visual Studio Version 17
VisualStudioVersion = 17.9.34701.34
MinimumVisualStudioVersion = 10.0.40219.1
Project("{2150E333-8FDC-42A3-9474-1A3956D46DE8}") = "Solution Items", "Solution Items", "{B6616712-7D23-4EF1-AE14-1BFBD56F972E}"
	ProjectSection(SolutionItems) = preProject
		.editorconfig = .editorconfig
		README.md = README.md
	EndProjectSection
EndProject
Project("{9A19103F-16F7-4668-BE54-9A1E7A4F7556}") = "EcommerceApp.Api", "backend\EcommerceApp.Api\EcommerceApp.Api.csproj", "{1945E2FC-7E21-4F00-B076-A026F3B2AD6B}"
EndProject
Project("{9A19103F-16F7-4668-BE54-9A1E7A4F7556}") = "EcommerceApp.DAL", "backend\EcommerceApp.DAL\EcommerceApp.DAL.csproj", "{A24F521B-5A1A-4313-80E9-CFCCC10D6E5C}"
EndProject
Project("{9A19103F-16F7-4668-BE54-9A1E7A4F7556}") = "EcommerceApp.Domain", "backend\EcommerceApp.Domain\EcommerceApp.Domain.csproj", "{5C1DE8C4-529D-42A2-8976-25E2D8E5F3BF}"
EndProject
Project("{FAE04EC0-301F-11D3-BF4B-00C04F79EFBC}") = "EcommerceApp.WebBlazor", "frontend\EcommerceApp.WebBlazor\EcommerceApp.WebBlazor.csproj", "{5909D092-08F5-4FC7-97BB-058505F10852}"
EndProject
Global
	GlobalSection(SolutionConfigurationPlatforms) = preSolution
		Debug|Any CPU = Debug|Any CPU
		Release|Any CPU = Release|Any CPU
	EndGlobalSection
	GlobalSection(ProjectConfigurationPlatforms) = postSolution
		{1945E2FC-7E21-4F00-B076-A026F3B2AD6B}.Debug|Any CPU.ActiveCfg = Debug|Any CPU
		{1945E2FC-7E21-4F00-B076-A026F3B2AD6B}.Debug|Any CPU.Build.0 = Debug|Any CPU
		{1945E2FC-7E21-4F00-B076-A026F3B2AD6B}.Release|Any CPU.ActiveCfg = Release|Any CPU
		{1945E2FC-7E21-4F00-B076-A026F3B2AD6B}.Release|Any CPU.Build.0 = Release|Any CPU
		{A24F521B-5A1A-4313-80E9-CFCCC10D6E5C}.Debug|Any CPU.ActiveCfg = Debug|Any CPU
		{A24F521B-5A1A-4313-80E9-CFCCC10D6E5C}.Debug|Any CPU.Build.0 = Debug|Any CPU
		{A24F521B-5A1A-4313-80E9-CFCCC10D6E5C}.Release|Any CPU.ActiveCfg = Release|Any CPU
		{A24F521B-5A1A-4313-80E9-CFCCC10D6E5C}.Release|Any CPU.Build.0 = Release|Any CPU
		{5C1DE8C4-529D-42A2-8976-25E2D8E5F3BF}.Debug|Any CPU.ActiveCfg = Debug|Any CPU
		{5C1DE8C4-529D-42A2-8976-25E2D8E5F3BF}.Debug|Any CPU.Build.0 = Debug|Any CPU
		{5C1DE8C4-529D-42A2-8976-25E2D8E5F3BF}.Release|Any CPU.ActiveCfg = Release|Any CPU
		{5C1DE8C4-529D-42A2-8976-25E2D8E5F3BF}.Release|Any CPU.Build.0 = Release|Any CPU
		{5909D092-08F5-4FC7-97BB-058505F10852}.Debug|Any CPU.ActiveCfg = Debug|Any CPU
		{5909D092-08F5-4FC7-97BB-058505F10852}.Debug|Any CPU.Build.0 = Debug|Any CPU
		{5909D092-08F5-4FC7-97BB-058505F10852}.Release|Any CPU.ActiveCfg = Release|Any CPU
		{5909D092-08F5-4FC7-97BB-058505F10852}.Release|Any CPU.Build.0 = Release|Any CPU
	EndGlobalSection
	GlobalSection(SolutionProperties) = preSolution
		HideSolutionNode = FALSE
	EndGlobalSection
	GlobalSection(ExtensibilityGlobals) = postSolution
		SolutionGuid = {C6EE8DDD-D5DD-47FE-9484-FAF3D5471076}
	EndGlobalSection
EndGlobal
